
Microsoft Visual Studio Solution File, Format Version 12.00
# Visual Studio Version 17
VisualStudioVersion = 17.4.33122.133
MinimumVisualStudioVersion = 10.0.40219.1
Project("{FAE04EC0-301F-11D3-BF4B-00C04F79EFBC}") = "SecTickerLib", "SecTickerLib\SecTickerLib.csproj", "{9207BE30-4783-4A9D-8906-80880E29D727}"
EndProject
Project("{FAE04EC0-301F-11D3-BF4B-00C04F79EFBC}") = "SecTickerTEST", "SecTickerTEST\SecTickerTEST.csproj", "{6180144D-B26D-4687-8BED-197494AFA15E}"
EndProject
Global
	GlobalSection(SolutionConfigurationPlatforms) = preSolution
		Debug|Any CPU = Debug|Any CPU
		Release|Any CPU = Release|Any CPU
	EndGlobalSection
	GlobalSection(ProjectConfigurationPlatforms) = postSolution
		{9207BE30-4783-4A9D-8906-80880E29D727}.Debug|Any CPU.ActiveCfg = Debug|Any CPU
		{9207BE30-4783-4A9D-8906-80880E29D727}.Debug|Any CPU.Build.0 = Debug|Any CPU
		{9207BE30-4783-4A9D-8906-80880E29D727}.Release|Any CPU.ActiveCfg = Release|Any CPU
		{9207BE30-4783-4A9D-8906-80880E29D727}.Release|Any CPU.Build.0 = Release|Any CPU
		{6180144D-B26D-4687-8BED-197494AFA15E}.Debug|Any CPU.ActiveCfg = Debug|Any CPU
		{6180144D-B26D-4687-8BED-197494AFA15E}.Debug|Any CPU.Build.0 = Debug|Any CPU
		{6180144D-B26D-4687-8BED-197494AFA15E}.Release|Any CPU.ActiveCfg = Release|Any CPU
		{6180144D-B26D-4687-8BED-197494AFA15E}.Release|Any CPU.Build.0 = Release|Any CPU
	EndGlobalSection
	GlobalSection(SolutionProperties) = preSolution
		HideSolutionNode = FALSE
	EndGlobalSection
	GlobalSection(ExtensibilityGlobals) = postSolution
		SolutionGuid = {041FAD7D-4D99-4856-9D24-09B414829290}
	EndGlobalSection
EndGlobal
